{
  "name": "signalk-crewradio",
  "version": "0.1.0",
  "lockfileVersion": 3,
  "requires": true,
  "packages": {
    "": {
      "name": "signalk-crewradio",
      "version": "0.1.0",
      "license": "EUPL-1.2",
      "dependencies": {
        "@echogarden/flite-wasi": "0.1.1"
      },
      "engines": {
        "node": ">=24"
      }
    },
    "node_modules/@echogarden/flite-wasi": {
      "version": "0.1.1",
      "resolved": "https://registry.npmjs.org/@echogarden/flite-wasi/-/flite-wasi-0.1.1.tgz",
      "integrity": "sha512-/ayJRFWbq73EEL8N82z1WO2mbey87wFa+t1o+U+xyaD7Ub0qedQ9s0IDJlO5cVvyD2ZXQbFwzeiCD8eXqQ8HCQ==",
      "license": "BSD-4-Clause"
    }
  }
}
